
Microsoft Visual Studio Solution File, Format Version 12.00
# Visual Studio Version 17
VisualStudioVersion = 17.2.32616.157
MinimumVisualStudioVersion = 10.0.40219.1
Project("{FAE04EC0-301F-11D3-BF4B-00C04F79EFBC}") = "JobNimbusAssessment", "JobNimbusAssessment\JobNimbusAssessment.csproj", "{C1CBDF89-B74B-4949-A6DC-DDF7039368BB}"
EndProject
Project("{FAE04EC0-301F-11D3-BF4B-00C04F79EFBC}") = "JobNimbusAssessment.Tests", "JobNimbusAssessment.Tests\JobNimbusAssessment.Tests.csproj", "{C0F29EF3-4556-4F6B-ADF9-A285E93D629D}"
EndProject
Global
	GlobalSection(SolutionConfigurationPlatforms) = preSolution
		Debug|Any CPU = Debug|Any CPU
		Release|Any CPU = Release|Any CPU
	EndGlobalSection
	GlobalSection(ProjectConfigurationPlatforms) = postSolution
		{C1CBDF89-B74B-4949-A6DC-DDF7039368BB}.Debug|Any CPU.ActiveCfg = Debug|Any CPU
		{C1CBDF89-B74B-4949-A6DC-DDF7039368BB}.Debug|Any CPU.Build.0 = Debug|Any CPU
		{C1CBDF89-B74B-4949-A6DC-DDF7039368BB}.Release|Any CPU.ActiveCfg = Release|Any CPU
		{C1CBDF89-B74B-4949-A6DC-DDF7039368BB}.Release|Any CPU.Build.0 = Release|Any CPU
		{C0F29EF3-4556-4F6B-ADF9-A285E93D629D}.Debug|Any CPU.ActiveCfg = Debug|Any CPU
		{C0F29EF3-4556-4F6B-ADF9-A285E93D629D}.Debug|Any CPU.Build.0 = Debug|Any CPU
		{C0F29EF3-4556-4F6B-ADF9-A285E93D629D}.Release|Any CPU.ActiveCfg = Release|Any CPU
		{C0F29EF3-4556-4F6B-ADF9-A285E93D629D}.Release|Any CPU.Build.0 = Release|Any CPU
	EndGlobalSection
	GlobalSection(SolutionProperties) = preSolution
		HideSolutionNode = FALSE
	EndGlobalSection
	GlobalSection(ExtensibilityGlobals) = postSolution
		SolutionGuid = {C7CCE870-D2C4-4674-A91F-BA5E7A2E5FDB}
	EndGlobalSection
EndGlobal
